
Microsoft Visual Studio Solution File, Format Version 12.00
# Visual Studio Version 17
VisualStudioVersion = 17.14.36915.13 d17.14
MinimumVisualStudioVersion = 10.0.40219.1
Project("{FAE04EC0-301F-11D3-BF4B-00C04F79EFBC}") = "Communications", "Communications\Communications.csproj", "{56F6F30D-E183-4D17-83D1-EE9F975B72A6}"
EndProject
Global
	GlobalSection(SolutionConfigurationPlatforms) = preSolution
		Debug|Any CPU = Debug|Any CPU
		Release|Any CPU = Release|Any CPU
	EndGlobalSection
	GlobalSection(ProjectConfigurationPlatforms) = postSolution
		{56F6F30D-E183-4D17-83D1-EE9F975B72A6}.Debug|Any CPU.ActiveCfg = Debug|Any CPU
		{56F6F30D-E183-4D17-83D1-EE9F975B72A6}.Debug|Any CPU.Build.0 = Debug|Any CPU
		{56F6F30D-E183-4D17-83D1-EE9F975B72A6}.Release|Any CPU.ActiveCfg = Release|Any CPU
		{56F6F30D-E183-4D17-83D1-EE9F975B72A6}.Release|Any CPU.Build.0 = Release|Any CPU
	EndGlobalSection
	GlobalSection(SolutionProperties) = preSolution
		HideSolutionNode = FALSE
	EndGlobalSection
	GlobalSection(ExtensibilityGlobals) = postSolution
		SolutionGuid = {EA53654A-2FB4-4E0F-9841-E4316CE9B827}
	EndGlobalSection
EndGlobal
